
Microsoft Visual Studio Solution File, Format Version 12.00
# Visual Studio Version 16
VisualStudioVersion = 16.0.30011.22
MinimumVisualStudioVersion = 10.0.40219.1
Project("{FAE04EC0-301F-11D3-BF4B-00C04F79EFBC}") = "Time_planner", "Time_planner\Time_planner.csproj", "{9ABF3BB5-CED5-4198-BB44-F76D12B0453E}"
EndProject
Global
	GlobalSection(SolutionConfigurationPlatforms) = preSolution
		Debug|Any CPU = Debug|Any CPU
		Release|Any CPU = Release|Any CPU
	EndGlobalSection
	GlobalSection(ProjectConfigurationPlatforms) = postSolution
		{9ABF3BB5-CED5-4198-BB44-F76D12B0453E}.Debug|Any CPU.ActiveCfg = Debug|Any CPU
		{9ABF3BB5-CED5-4198-BB44-F76D12B0453E}.Debug|Any CPU.Build.0 = Debug|Any CPU
		{9ABF3BB5-CED5-4198-BB44-F76D12B0453E}.Release|Any CPU.ActiveCfg = Release|Any CPU
		{9ABF3BB5-CED5-4198-BB44-F76D12B0453E}.Release|Any CPU.Build.0 = Release|Any CPU
	EndGlobalSection
	GlobalSection(SolutionProperties) = preSolution
		HideSolutionNode = FALSE
	EndGlobalSection
	GlobalSection(ExtensibilityGlobals) = postSolution
		SolutionGuid = {447A7F19-C2CF-4069-B04B-AC97EF9EF633}
	EndGlobalSection
EndGlobal
